{
    "name": "sprotty-website",
    "version": "0.0.1",
    "lockfileVersion": 2,
    "requires": true,
    "packages": {
        "": {
            "name": "sprotty-website",
            "version": "0.0.1",
            "dependencies": {
                "monaco-editor-workers": "0.34.2",
                "sprotty-elk": "0.13.1"
            }
        },
        "node_modules/elkjs": {
            "version": "0.8.2",
            "resolved": "https://registry.npmjs.org/elkjs/-/elkjs-0.8.2.tgz",
            "integrity": "sha512-L6uRgvZTH+4OF5NE/MBbzQx/WYpru1xCBE9respNj6qznEewGUIfhzmm7horWWxbNO2M0WckQypGctR8lH79xQ=="
        },
        "node_modules/inversify": {
            "version": "5.1.1",
            "resolved": "https://registry.npmjs.org/inversify/-/inversify-5.1.1.tgz",
            "integrity": "sha512-j8grHGDzv1v+8T1sAQ+3boTCntFPfvxLCkNcxB1J8qA0lUN+fAlSyYd+RXKvaPRL4AGyPxViutBEJHNXOyUdFQ==",
            "optional": true
        },
        "node_modules/monaco-editor-workers": {
            "version": "0.34.2",
            "resolved": "https://registry.npmjs.org/monaco-editor-workers/-/monaco-editor-workers-0.34.2.tgz",
            "integrity": "sha512-MdO1nvAbGNzc7ygyzwACvs5DOPaTOUNDjU/qTQx0Rsw00BrhL88eMi9sWBm+LYfQbPaZf+YBqwJaJUovl3M6bQ=="
        },
        "node_modules/sprotty-elk": {
            "version": "0.13.1",
            "resolved": "https://registry.npmjs.org/sprotty-elk/-/sprotty-elk-0.13.1.tgz",
            "integrity": "sha512-k3C9BWI5Nc7btbgtqX8Ab2pPBTLUTV6bglvpUANieFGNWQpfGInfTp7RCzA3143lsLxyoApoN/CvyozSm3+qaw==",
            "dependencies": {
                "elkjs": "^0.8.2",
                "sprotty-protocol": "^0.13.0"
            },
            "optionalDependencies": {
                "inversify": "^5.1.1"
            }
        },
        "node_modules/sprotty-protocol": {
            "version": "0.13.0",
            "resolved": "https://registry.npmjs.org/sprotty-protocol/-/sprotty-protocol-0.13.0.tgz",
            "integrity": "sha512-yOaah3BNDwso6gS1yo/ceh+g/KOHeWLbajGiiyz9ngWLV4UUyP9VOWXN8jFI57k/0iAF5qhHTI7nkAeTqHFdLA=="
        }
    },
    "dependencies": {
        "elkjs": {
            "version": "0.8.2",
            "resolved": "https://registry.npmjs.org/elkjs/-/elkjs-0.8.2.tgz",
            "integrity": "sha512-L6uRgvZTH+4OF5NE/MBbzQx/WYpru1xCBE9respNj6qznEewGUIfhzmm7horWWxbNO2M0WckQypGctR8lH79xQ=="
        },
        "inversify": {
            "version": "5.1.1",
            "resolved": "https://registry.npmjs.org/inversify/-/inversify-5.1.1.tgz",
            "integrity": "sha512-j8grHGDzv1v+8T1sAQ+3boTCntFPfvxLCkNcxB1J8qA0lUN+fAlSyYd+RXKvaPRL4AGyPxViutBEJHNXOyUdFQ==",
            "optional": true
        },
        "monaco-editor-workers": {
            "version": "0.34.2",
            "resolved": "https://registry.npmjs.org/monaco-editor-workers/-/monaco-editor-workers-0.34.2.tgz",
            "integrity": "sha512-MdO1nvAbGNzc7ygyzwACvs5DOPaTOUNDjU/qTQx0Rsw00BrhL88eMi9sWBm+LYfQbPaZf+YBqwJaJUovl3M6bQ=="
        },
        "sprotty-elk": {
            "version": "0.13.1",
            "resolved": "https://registry.npmjs.org/sprotty-elk/-/sprotty-elk-0.13.1.tgz",
            "integrity": "sha512-k3C9BWI5Nc7btbgtqX8Ab2pPBTLUTV6bglvpUANieFGNWQpfGInfTp7RCzA3143lsLxyoApoN/CvyozSm3+qaw==",
            "requires": {
                "elkjs": "^0.8.2",
                "inversify": "^5.1.1",
                "sprotty-protocol": "^0.13.0"
            }
        },
        "sprotty-protocol": {
            "version": "0.13.0",
            "resolved": "https://registry.npmjs.org/sprotty-protocol/-/sprotty-protocol-0.13.0.tgz",
            "integrity": "sha512-yOaah3BNDwso6gS1yo/ceh+g/KOHeWLbajGiiyz9ngWLV4UUyP9VOWXN8jFI57k/0iAF5qhHTI7nkAeTqHFdLA=="
        }
    }
}
